
Microsoft Visual Studio Solution File, Format Version 12.00
# Visual Studio Version 17
VisualStudioVersion = 17.0.31912.275
MinimumVisualStudioVersion = 10.0.40219.1
Project("{9A19103F-16F7-4668-BE54-9A1E7A4F7556}") = "Event Management Appilcation", "Event Management Appilcation\Event Management Appilcation.csproj", "{E1AB2750-439A-4D2D-BA06-14F40FAC8125}"
EndProject
Project("{FAE04EC0-301F-11D3-BF4B-00C04F79EFBC}") = "Event.Management.Service", "Event.Management.Service\Event.Management.Service.csproj", "{7F7EA7D4-3C18-46A5-B697-745337BB1478}"
EndProject
Global
	GlobalSection(SolutionConfigurationPlatforms) = preSolution
		Debug|Any CPU = Debug|Any CPU
		Release|Any CPU = Release|Any CPU
	EndGlobalSection
	GlobalSection(ProjectConfigurationPlatforms) = postSolution
		{E1AB2750-439A-4D2D-BA06-14F40FAC8125}.Debug|Any CPU.ActiveCfg = Debug|Any CPU
		{E1AB2750-439A-4D2D-BA06-14F40FAC8125}.Debug|Any CPU.Build.0 = Debug|Any CPU
		{E1AB2750-439A-4D2D-BA06-14F40FAC8125}.Release|Any CPU.ActiveCfg = Release|Any CPU
		{E1AB2750-439A-4D2D-BA06-14F40FAC8125}.Release|Any CPU.Build.0 = Release|Any CPU
		{7F7EA7D4-3C18-46A5-B697-745337BB1478}.Debug|Any CPU.ActiveCfg = Debug|Any CPU
		{7F7EA7D4-3C18-46A5-B697-745337BB1478}.Debug|Any CPU.Build.0 = Debug|Any CPU
		{7F7EA7D4-3C18-46A5-B697-745337BB1478}.Release|Any CPU.ActiveCfg = Release|Any CPU
		{7F7EA7D4-3C18-46A5-B697-745337BB1478}.Release|Any CPU.Build.0 = Release|Any CPU
	EndGlobalSection
	GlobalSection(SolutionProperties) = preSolution
		HideSolutionNode = FALSE
	EndGlobalSection
	GlobalSection(ExtensibilityGlobals) = postSolution
		SolutionGuid = {681BAE5D-32B2-4838-94AE-AFCB79D9B9B4}
	EndGlobalSection
EndGlobal
